
Microsoft Visual Studio Solution File, Format Version 12.00
# Visual Studio Version 17
VisualStudioVersion = 17.7.34031.279
MinimumVisualStudioVersion = 10.0.40219.1
Project("{8BC9CEB8-8B4A-11D0-8D11-00A0C91BC942}") = "С++_Lab2_2", "С++_Lab2_2\С++_Lab2_2.vcxproj", "{F1EBFF77-902C-49EA-9C1A-E8211107C682}"
EndProject
Global
	GlobalSection(SolutionConfigurationPlatforms) = preSolution
		Debug|x64 = Debug|x64
		Debug|x86 = Debug|x86
		Release|x64 = Release|x64
		Release|x86 = Release|x86
	EndGlobalSection
	GlobalSection(ProjectConfigurationPlatforms) = postSolution
		{F1EBFF77-902C-49EA-9C1A-E8211107C682}.Debug|x64.ActiveCfg = Debug|x64
		{F1EBFF77-902C-49EA-9C1A-E8211107C682}.Debug|x64.Build.0 = Debug|x64
		{F1EBFF77-902C-49EA-9C1A-E8211107C682}.Debug|x86.ActiveCfg = Debug|Win32
		{F1EBFF77-902C-49EA-9C1A-E8211107C682}.Debug|x86.Build.0 = Debug|Win32
		{F1EBFF77-902C-49EA-9C1A-E8211107C682}.Release|x64.ActiveCfg = Release|x64
		{F1EBFF77-902C-49EA-9C1A-E8211107C682}.Release|x64.Build.0 = Release|x64
		{F1EBFF77-902C-49EA-9C1A-E8211107C682}.Release|x86.ActiveCfg = Release|Win32
		{F1EBFF77-902C-49EA-9C1A-E8211107C682}.Release|x86.Build.0 = Release|Win32
	EndGlobalSection
	GlobalSection(SolutionProperties) = preSolution
		HideSolutionNode = FALSE
	EndGlobalSection
	GlobalSection(ExtensibilityGlobals) = postSolution
		SolutionGuid = {1899211C-98AA-4A3D-A9D4-5C1E9E1F1E3D}
	EndGlobalSection
EndGlobal
